NeoBundleLock FuzzyFinder b9f165970346df55862853dd83c8a4f2b2b70262
NeoBundleLock L9 c822b05ee0886f9a9703227dc85a6d47612c4bf1
NeoBundleLock ag.vim c478f7973074f15bbf82c298a1678b4e23f1767a
NeoBundleLock ctrlp.vim 564176f01d7f3f7f8ab452ff4e1f5314de7b0981
NeoBundleLock emmet-vim e24ea1734e77c76913e7eca3bbee9f5e238e4a84
NeoBundleLock mpvim 21a5134daae5854afbe3078eb5f9e2421ecdb09d
NeoBundleLock neobundle.vim 14bb64369c03b73a435faeb539973590efcb83c9
NeoBundleLock nerdtree 2f8a72144fe1e96804f000b6cf9bf9c4057e5ddd
NeoBundleLock powerline-fonts 6ac4c010afe4fc828f11aacac5e6b59289a8a4f6
NeoBundleLock rails.vim a390780c863f993847d23789b1dae86f779313d5
NeoBundleLock sparkup 62c2bc6129c81cdba997ea903584ee3ec5b41b38
NeoBundleLock vim-airline 14d14cf951c08fc88ca6c3e6f28fe47b99421e23
NeoBundleLock vim-bufferline 57f0e8afff4af59fbfaf557ca6b584209cbedda3
NeoBundleLock vim-coffee-script 32fe889b8cafd3a4921ef8e6485156453ff58c42
NeoBundleLock vim-easymotion a21d4474f0e9df7a721246e0a3b386068901965f
NeoBundleLock vim-elixir 4515b070960a0483e5815dc69800bc59459e2a5a
NeoBundleLock vim-fugitive 1ecd12d523ffe031b5840316eeae1f24dd8920e4
NeoBundleLock vim-markdown 15d19778a3be4ab3f949cba636d53a87e2c03f29
NeoBundleLock vim-multiple-cursors 73a78c926ad208bd1984e575ceece276d61a1404
NeoBundleLock vimproc c809cb15f04f2ae62cb345365d2e76665294623b
